// !$*UTF8*$!
{
	archiveVersion = 1;
	classes = {
	};
	objectVersion = 52;
	objects = {

/* Begin PBXBuildFile section */
		AD2A12F226C039DC00098CE2 /* SingleHeroView.swift in Sources */ = {isa = PBXBuildFile; fileRef = AD2A12F126C039DC00098CE2 /* SingleHeroView.swift */; };
		AD2A12F426C04F9A00098CE2 /* LocalizedChinese.swift in Sources */ = {isa = PBXBuildFile; fileRef = AD2A12F326C04F9A00098CE2 /* LocalizedChinese.swift */; };
		AD2A12F826C0E76600098CE2 /* Lottie in Frameworks */ = {isa = PBXBuildFile; productRef = AD2A12F726C0E76600098CE2 /* Lottie */; };
		AD2A12FB26C0E78100098CE2 /* LottieView.swift in Sources */ = {isa = PBXBuildFile; fileRef = AD2A12FA26C0E78100098CE2 /* LottieView.swift */; };
		AD2A12FD26C0E7B000098CE2 /* magic.json in Resources */ = {isa = PBXBuildFile; fileRef = AD2A12FC26C0E7B000098CE2 /* magic.json */; };
		AD2A130126C10FDC00098CE2 /* HeroMoreInfoView.swift in Sources */ = {isa = PBXBuildFile; fileRef = AD2A130026C10FDC00098CE2 /* HeroMoreInfoView.swift */; };
		ADBF3ADF26BFA4E9006C8065 /* Dota2HeroApp.swift in Sources */ = {isa = PBXBuildFile; fileRef = ADBF3ADE26BFA4E9006C8065 /* Dota2HeroApp.swift */; };
		ADBF3AE126BFA4E9006C8065 /* ContentView.swift in Sources */ = {isa = PBXBuildFile; fileRef = ADBF3AE026BFA4E9006C8065 /* ContentView.swift */; };
		ADBF3AE326BFA4EA006C8065 /* Assets.xcassets in Resources */ = {isa = PBXBuildFile; fileRef = ADBF3AE226BFA4EA006C8065 /* Assets.xcassets */; };
		ADBF3AE626BFA4EA006C8065 /* Preview Assets.xcassets in Resources */ = {isa = PBXBuildFile; fileRef = ADBF3AE526BFA4EA006C8065 /* Preview Assets.xcassets */; };
		ADBF3AF726BFA530006C8065 /* Dota2HeroModel.swift in Sources */ = {isa = PBXBuildFile; fileRef = ADBF3AEE26BFA530006C8065 /* Dota2HeroModel.swift */; };
		ADBF3AF826BFA530006C8065 /* UserView.swift in Sources */ = {isa = PBXBuildFile; fileRef = ADBF3AF026BFA530006C8065 /* UserView.swift */; };
		ADBF3AF926BFA530006C8065 /* HeroRepository.swift in Sources */ = {isa = PBXBuildFile; fileRef = ADBF3AF226BFA530006C8065 /* HeroRepository.swift */; };
		ADBF3AFA26BFA530006C8065 /* HeroProfileViewModel.swift in Sources */ = {isa = PBXBuildFile; fileRef = ADBF3AF426BFA530006C8065 /* HeroProfileViewModel.swift */; };
		ADBF3AFB26BFA530006C8065 /* NetworkService.swift in Sources */ = {isa = PBXBuildFile; fileRef = ADBF3AF626BFA530006C8065 /* NetworkService.swift */; };
		ADBF3AFE26BFA583006C8065 /* Alamofire in Frameworks */ = {isa = PBXBuildFile; productRef = ADBF3AFD26BFA583006C8065 /* Alamofire */; };
		ADBF3B0126BFA8C2006C8065 /* SDWebImageSwiftUI in Frameworks */ = {isa = PBXBuildFile; productRef = ADBF3B0026BFA8C2006C8065 /* SDWebImageSwiftUI */; };
		ADBF3B0326BFAADA006C8065 /* Dota2HeroStatModel.swift in Sources */ = {isa = PBXBuildFile; fileRef = ADBF3B0226BFAADA006C8065 /* Dota2HeroStatModel.swift */; };
		ADBF3B0B26BFCBBE006C8065 /* LaunchView.swift in Sources */ = {isa = PBXBuildFile; fileRef = ADBF3B0A26BFCBBE006C8065 /* LaunchView.swift */; };
		ADF660E926C193E800A9DB6A /* SwiftUICharts in Frameworks */ = {isa = PBXBuildFile; productRef = ADF660E826C193E800A9DB6A /* SwiftUICharts */; };
/* End PBXBuildFile section */

/* Begin PBXFileReference section */
		AD2A12F126C039DC00098CE2 /* SingleHeroView.swift */ = {isa = PBXFileReference; lastKnownFileType = sourcecode.swift; path = SingleHeroView.swift; sourceTree = "<group>"; };
		AD2A12F326C04F9A00098CE2 /* LocalizedChinese.swift */ = {isa = PBXFileReference; lastKnownFileType = sourcecode.swift; path = LocalizedChinese.swift; sourceTree = "<group>"; };
		AD2A12FA26C0E78100098CE2 /* LottieView.swift */ = {isa = PBXFileReference; lastKnownFileType = sourcecode.swift; path = LottieView.swift; sourceTree = "<group>"; };
		AD2A12FC26C0E7B000098CE2 /* magic.json */ = {isa = PBXFileReference; fileEncoding = 4; lastKnownFileType = text.json; path = magic.json; sourceTree = "<group>"; };
		AD2A12FF26C0F34400098CE2 /* Georgia.ttf */ = {isa = PBXFileReference; lastKnownFileType = file; path = Georgia.ttf; sourceTree = "<group>"; };
		AD2A130026C10FDC00098CE2 /* HeroMoreInfoView.swift */ = {isa = PBXFileReference; lastKnownFileType = sourcecode.swift; path = HeroMoreInfoView.swift; sourceTree = "<group>"; };
		ADBF3ADB26BFA4E9006C8065 /* Dota2Hero.app */ = {isa = PBXFileReference; explicitFileType = wrapper.application; includeInIndex = 0; path = Dota2Hero.app; sourceTree = BUILT_PRODUCTS_DIR; };
		ADBF3ADE26BFA4E9006C8065 /* Dota2HeroApp.swift */ = {isa = PBXFileReference; lastKnownFileType = sourcecode.swift; path = Dota2HeroApp.swift; sourceTree = "<group>"; };
		ADBF3AE026BFA4E9006C8065 /* ContentView.swift */ = {isa = PBXFileReference; lastKnownFileType = sourcecode.swift; path = ContentView.swift; sourceTree = "<group>"; };
		ADBF3AE226BFA4EA006C8065 /* Assets.xcassets */ = {isa = PBXFileReference; lastKnownFileType = folder.assetcatalog; path = Assets.xcassets; sourceTree = "<group>"; };
		ADBF3AE526BFA4EA006C8065 /* Preview Assets.xcassets */ = {isa = PBXFileReference; lastKnownFileType = folder.assetcatalog; path = "Preview Assets.xcassets"; sourceTree = "<group>"; };
		ADBF3AE726BFA4EA006C8065 /* Info.plist */ = {isa = PBXFileReference; lastKnownFileType = text.plist.xml; path = Info.plist; sourceTree = "<group>"; };
		ADBF3AEE26BFA530006C8065 /* Dota2HeroModel.swift */ = {isa = PBXFileReference; fileEncoding = 4; lastKnownFileType = sourcecode.swift; path = Dota2HeroModel.swift; sourceTree = "<group>"; };
		ADBF3AF026BFA530006C8065 /* UserView.swift */ = {isa = PBXFileReference; fileEncoding = 4; lastKnownFileType = sourcecode.swift; path = UserView.swift; sourceTree = "<group>"; };
		ADBF3AF226BFA530006C8065 /* HeroRepository.swift */ = {isa = PBXFileReference; fileEncoding = 4; lastKnownFileType = sourcecode.swift; path = HeroRepository.swift; sourceTree = "<group>"; };
		ADBF3AF426BFA530006C8065 /* HeroProfileViewModel.swift */ = {isa = PBXFileReference; fileEncoding = 4; lastKnownFileType = sourcecode.swift; path = HeroProfileViewModel.swift; sourceTree = "<group>"; };
		ADBF3AF626BFA530006C8065 /* NetworkService.swift */ = {isa = PBXFileReference; fileEncoding = 4; lastKnownFileType = sourcecode.swift; path = NetworkService.swift; sourceTree = "<group>"; };
		ADBF3B0226BFAADA006C8065 /* Dota2HeroStatModel.swift */ = {isa = PBXFileReference; lastKnownFileType = sourcecode.swift; path = Dota2HeroStatModel.swift; sourceTree = "<group>"; };
		ADBF3B0A26BFCBBE006C8065 /* LaunchView.swift */ = {isa = PBXFileReference; lastKnownFileType = sourcecode.swift; path = LaunchView.swift; sourceTree = "<group>"; };
/* End PBXFileReference section */

/* Begin PBXFrameworksBuildPhase section */
		ADBF3AD826BFA4E9006C8065 /* Frameworks */ = {
			isa = PBXFrameworksBuildPhase;
			buildActionMask = 2147483647;
			files = (
				ADBF3B0126BFA8C2006C8065 /* SDWebImageSwiftUI in Frameworks */,
				ADF660E926C193E800A9DB6A /* SwiftUICharts in Frameworks */,
				ADBF3AFE26BFA583006C8065 /* Alamofire in Frameworks */,
				AD2A12F826C0E76600098CE2 /* Lottie in Frameworks */,
			);
			runOnlyForDeploymentPostprocessing = 0;
		};
/* End PBXFrameworksBuildPhase section */

/* Begin PBXGroup section */
		AD2A12F526C0538C00098CE2 /* JSON FIle */ = {
			isa = PBXGroup;
			children = (
			);
			path = "JSON FIle";
			sourceTree = "<group>";
		};
		AD2A12F926C0E77000098CE2 /* Lottie View */ = {
			isa = PBXGroup;
			children = (
				AD2A12FC26C0E7B000098CE2 /* magic.json */,
				AD2A12FA26C0E78100098CE2 /* LottieView.swift */,
			);
			path = "Lottie View";
			sourceTree = "<group>";
		};
		AD2A12FE26C0F33900098CE2 /* Font */ = {
			isa = PBXGroup;
			children = (
				AD2A12FF26C0F34400098CE2 /* Georgia.ttf */,
			);
			path = Font;
			sourceTree = "<group>";
		};
		ADBF3AD226BFA4E9006C8065 = {
			isa = PBXGroup;
			children = (
				ADBF3ADD26BFA4E9006C8065 /* Dota2Hero */,
				ADBF3ADC26BFA4E9006C8065 /* Products */,
			);
			sourceTree = "<group>";
		};
		ADBF3ADC26BFA4E9006C8065 /* Products */ = {
			isa = PBXGroup;
			children = (
				ADBF3ADB26BFA4E9006C8065 /* Dota2Hero.app */,
			);
			name = Products;
			sourceTree = "<group>";
		};
		ADBF3ADD26BFA4E9006C8065 /* Dota2Hero */ = {
			isa = PBXGroup;
			children = (
				AD2A12FE26C0F33900098CE2 /* Font */,
				AD2A12F526C0538C00098CE2 /* JSON FIle */,
				ADBF3AED26BFA530006C8065 /* Models */,
				ADBF3AF126BFA530006C8065 /* Repositories */,
				ADBF3AF526BFA530006C8065 /* Services */,
				ADBF3AF326BFA530006C8065 /* ViewModel */,
				ADBF3AEF26BFA530006C8065 /* Views */,
				ADBF3ADE26BFA4E9006C8065 /* Dota2HeroApp.swift */,
				ADBF3AE226BFA4EA006C8065 /* Assets.xcassets */,
				ADBF3AE726BFA4EA006C8065 /* Info.plist */,
				ADBF3AE426BFA4EA006C8065 /* Preview Content */,
			);
			path = Dota2Hero;
			sourceTree = "<group>";
		};
		ADBF3AE426BFA4EA006C8065 /* Preview Content */ = {
			isa = PBXGroup;
			children = (
				ADBF3AE526BFA4EA006C8065 /* Preview Assets.xcassets */,
			);
			path = "Preview Content";
			sourceTree = "<group>";
		};
		ADBF3AED26BFA530006C8065 /* Models */ = {
			isa = PBXGroup;
			children = (
				ADBF3AEE26BFA530006C8065 /* Dota2HeroModel.swift */,
				ADBF3B0226BFAADA006C8065 /* Dota2HeroStatModel.swift */,
				AD2A12F326C04F9A00098CE2 /* LocalizedChinese.swift */,
			);
			path = Models;
			sourceTree = "<group>";
		};
		ADBF3AEF26BFA530006C8065 /* Views */ = {
			isa = PBXGroup;
			children = (
				AD2A12F926C0E77000098CE2 /* Lottie View */,
				ADBF3AE026BFA4E9006C8065 /* ContentView.swift */,
				ADBF3AF026BFA530006C8065 /* UserView.swift */,
				ADBF3B0A26BFCBBE006C8065 /* LaunchView.swift */,
				AD2A12F126C039DC00098CE2 /* SingleHeroView.swift */,
				AD2A130026C10FDC00098CE2 /* HeroMoreInfoView.swift */,
			);
			path = Views;
			sourceTree = "<group>";
		};
		ADBF3AF126BFA530006C8065 /* Repositories */ = {
			isa = PBXGroup;
			children = (
				ADBF3AF226BFA530006C8065 /* HeroRepository.swift */,
			);
			path = Repositories;
			sourceTree = "<group>";
		};
		ADBF3AF326BFA530006C8065 /* ViewModel */ = {
			isa = PBXGroup;
			children = (
				ADBF3AF426BFA530006C8065 /* HeroProfileViewModel.swift */,
			);
			path = ViewModel;
			sourceTree = "<group>";
		};
		ADBF3AF526BFA530006C8065 /* Services */ = {
			isa = PBXGroup;
			children = (
				ADBF3AF626BFA530006C8065 /* NetworkService.swift */,
			);
			path = Services;
			sourceTree = "<group>";
		};
/* End PBXGroup section */

/* Begin PBXNativeTarget section */
		ADBF3ADA26BFA4E9006C8065 /* Dota2Hero */ = {
			isa = PBXNativeTarget;
			buildConfigurationList = ADBF3AEA26BFA4EA006C8065 /* Build configuration list for PBXNativeTarget "Dota2Hero" */;
			buildPhases = (
				ADBF3AD726BFA4E9006C8065 /* Sources */,
				ADBF3AD826BFA4E9006C8065 /* Frameworks */,
				ADBF3AD926BFA4E9006C8065 /* Resources */,
			);
			buildRules = (
			);
			dependencies = (
			);
			name = Dota2Hero;
			packageProductDependencies = (
				ADBF3AFD26BFA583006C8065 /* Alamofire */,
				ADBF3B0026BFA8C2006C8065 /* SDWebImageSwiftUI */,
				AD2A12F726C0E76600098CE2 /* Lottie */,
				ADF660E826C193E800A9DB6A /* SwiftUICharts */,
			);
			productName = Dota2Hero;
			productReference = ADBF3ADB26BFA4E9006C8065 /* Dota2Hero.app */;
			productType = "com.apple.product-type.application";
		};
/* End PBXNativeTarget section */

/* Begin PBXProject section */
		ADBF3AD326BFA4E9006C8065 /* Project object */ = {
			isa = PBXProject;
			attributes = {
				LastSwiftUpdateCheck = 1250;
				LastUpgradeCheck = 1250;
				TargetAttributes = {
					ADBF3ADA26BFA4E9006C8065 = {
						CreatedOnToolsVersion = 12.5.1;
					};
				};
			};
			buildConfigurationList = ADBF3AD626BFA4E9006C8065 /* Build configuration list for PBXProject "Dota2Hero" */;
			compatibilityVersion = "Xcode 9.3";
			developmentRegion = en;
			hasScannedForEncodings = 0;
			knownRegions = (
				en,
				Base,
			);
			mainGroup = ADBF3AD226BFA4E9006C8065;
			packageReferences = (
				ADBF3AFC26BFA583006C8065 /* XCRemoteSwiftPackageReference "Alamofire" */,
				ADBF3AFF26BFA8C2006C8065 /* XCRemoteSwiftPackageReference "SDWebImageSwiftUI" */,
				AD2A12F626C0E76600098CE2 /* XCRemoteSwiftPackageReference "lottie-ios" */,
				ADF660E726C193E800A9DB6A /* XCRemoteSwiftPackageReference "SwiftUICharts" */,
			);
			productRefGroup = ADBF3ADC26BFA4E9006C8065 /* Products */;
			projectDirPath = "";
			projectRoot = "";
			targets = (
				ADBF3ADA26BFA4E9006C8065 /* Dota2Hero */,
			);
		};
/* End PBXProject section */

/* Begin PBXResourcesBuildPhase section */
		ADBF3AD926BFA4E9006C8065 /* Resources */ = {
			isa = PBXResourcesBuildPhase;
			buildActionMask = 2147483647;
			files = (
				ADBF3AE626BFA4EA006C8065 /* Preview Assets.xcassets in Resources */,
				ADBF3AE326BFA4EA006C8065 /* Assets.xcassets in Resources */,
				AD2A12FD26C0E7B000098CE2 /* magic.json in Resources */,
			);
			runOnlyForDeploymentPostprocessing = 0;
		};
/* End PBXResourcesBuildPhase section */

/* Begin PBXSourcesBuildPhase section */
		ADBF3AD726BFA4E9006C8065 /* Sources */ = {
			isa = PBXSourcesBuildPhase;
			buildActionMask = 2147483647;
			files = (
				ADBF3AE126BFA4E9006C8065 /* ContentView.swift in Sources */,
				ADBF3B0B26BFCBBE006C8065 /* LaunchView.swift in Sources */,
				ADBF3ADF26BFA4E9006C8065 /* Dota2HeroApp.swift in Sources */,
				ADBF3B0326BFAADA006C8065 /* Dota2HeroStatModel.swift in Sources */,
				ADBF3AF726BFA530006C8065 /* Dota2HeroModel.swift in Sources */,
				ADBF3AF926BFA530006C8065 /* HeroRepository.swift in Sources */,
				AD2A130126C10FDC00098CE2 /* HeroMoreInfoView.swift in Sources */,
				AD2A12F226C039DC00098CE2 /* SingleHeroView.swift in Sources */,
				AD2A12F426C04F9A00098CE2 /* LocalizedChinese.swift in Sources */,
				ADBF3AF826BFA530006C8065 /* UserView.swift in Sources */,
				ADBF3AFA26BFA530006C8065 /* HeroProfileViewModel.swift in Sources */,
				ADBF3AFB26BFA530006C8065 /* NetworkService.swift in Sources */,
				AD2A12FB26C0E78100098CE2 /* LottieView.swift in Sources */,
			);
			runOnlyForDeploymentPostprocessing = 0;
		};
/* End PBXSourcesBuildPhase section */

/* Begin XCBuildConfiguration section */
		ADBF3AE826BFA4EA006C8065 /* Debug */ = {
			isa = XCBuildConfiguration;
			buildSettings = {
				ALWAYS_SEARCH_USER_PATHS = NO;
				CLANG_ANALYZER_NONNULL = YES;
				CLANG_ANALYZER_NUMBER_OBJECT_CONVERSION = YES_AGGRESSIVE;
				CLANG_CXX_LANGUAGE_STANDARD = "gnu++14";
				CLANG_CXX_LIBRARY = "libc++";
				CLANG_ENABLE_MODULES = YES;
				CLANG_ENABLE_OBJC_ARC = YES;
				CLANG_ENABLE_OBJC_WEAK = YES;
				CLANG_WARN_BLOCK_CAPTURE_AUTORELEASING = YES;
				CLANG_WARN_BOOL_CONVERSION = YES;
				CLANG_WARN_COMMA = YES;
				CLANG_WARN_CONSTANT_CONVERSION = YES;
				CLANG_WARN_DEPRECATED_OBJC_IMPLEMENTATIONS = YES;
				CLANG_WARN_DIRECT_OBJC_ISA_USAGE = YES_ERROR;
				CLANG_WARN_DOCUMENTATION_COMMENTS = YES;
				CLANG_WARN_EMPTY_BODY = YES;
				CLANG_WARN_ENUM_CONVERSION = YES;
				CLANG_WARN_INFINITE_RECURSION = YES;
				CLANG_WARN_INT_CONVERSION = YES;
				CLANG_WARN_NON_LITERAL_NULL_CONVERSION = YES;
				CLANG_WARN_OBJC_IMPLICIT_RETAIN_SELF = YES;
				CLANG_WARN_OBJC_LITERAL_CONVERSION = YES;
				CLANG_WARN_OBJC_ROOT_CLASS = YES_ERROR;
				CLANG_WARN_QUOTED_INCLUDE_IN_FRAMEWORK_HEADER = YES;
				CLANG_WARN_RANGE_LOOP_ANALYSIS = YES;
				CLANG_WARN_STRICT_PROTOTYPES = YES;
				CLANG_WARN_SUSPICIOUS_MOVE = YES;
				CLANG_WARN_UNGUARDED_AVAILABILITY = YES_AGGRESSIVE;
				CLANG_WARN_UNREACHABLE_CODE = YES;
				CLANG_WARN__DUPLICATE_METHOD_MATCH = YES;
				COPY_PHASE_STRIP = NO;
				DEBUG_INFORMATION_FORMAT = dwarf;
				ENABLE_STRICT_OBJC_MSGSEND = YES;
				ENABLE_TESTABILITY = YES;
				GCC_C_LANGUAGE_STANDARD = gnu11;
				GCC_DYNAMIC_NO_PIC = NO;
				GCC_NO_COMMON_BLOCKS = YES;
				GCC_OPTIMIZATION_LEVEL = 0;
				GCC_PREPROCESSOR_DEFINITIONS = (
					"DEBUG=1",
					"$(inherited)",
				);
				GCC_WARN_64_TO_32_BIT_CONVERSION = YES;
				GCC_WARN_ABOUT_RETURN_TYPE = YES_ERROR;
				GCC_WARN_UNDECLARED_SELECTOR = YES;
				GCC_WARN_UNINITIALIZED_AUTOS = YES_AGGRESSIVE;
				GCC_WARN_UNUSED_FUNCTION = YES;
				GCC_WARN_UNUSED_VARIABLE = YES;
				IPHONEOS_DEPLOYMENT_TARGET = 14.5;
				MTL_ENABLE_DEBUG_INFO = INCLUDE_SOURCE;
				MTL_FAST_MATH = YES;
				ONLY_ACTIVE_ARCH = YES;
				SDKROOT = iphoneos;
				SWIFT_ACTIVE_COMPILATION_CONDITIONS = DEBUG;
				SWIFT_OPTIMIZATION_LEVEL = "-Onone";
			};
			name = Debug;
		};
		ADBF3AE926BFA4EA006C8065 /* Release */ = {
			isa = XCBuildConfiguration;
			buildSettings = {
				ALWAYS_SEARCH_USER_PATHS = NO;
				CLANG_ANALYZER_NONNULL = YES;
				CLANG_ANALYZER_NUMBER_OBJECT_CONVERSION = YES_AGGRESSIVE;
				CLANG_CXX_LANGUAGE_STANDARD = "gnu++14";
				CLANG_CXX_LIBRARY = "libc++";
				CLANG_ENABLE_MODULES = YES;
				CLANG_ENABLE_OBJC_ARC = YES;
				CLANG_ENABLE_OBJC_WEAK = YES;
				CLANG_WARN_BLOCK_CAPTURE_AUTORELEASING = YES;
				CLANG_WARN_BOOL_CONVERSION = YES;
				CLANG_WARN_COMMA = YES;
				CLANG_WARN_CONSTANT_CONVERSION = YES;
				CLANG_WARN_DEPRECATED_OBJC_IMPLEMENTATIONS = YES;
				CLANG_WARN_DIRECT_OBJC_ISA_USAGE = YES_ERROR;
				CLANG_WARN_DOCUMENTATION_COMMENTS = YES;
				CLANG_WARN_EMPTY_BODY = YES;
				CLANG_WARN_ENUM_CONVERSION = YES;
				CLANG_WARN_INFINITE_RECURSION = YES;
				CLANG_WARN_INT_CONVERSION = YES;
				CLANG_WARN_NON_LITERAL_NULL_CONVERSION = YES;
				CLANG_WARN_OBJC_IMPLICIT_RETAIN_SELF = YES;
				CLANG_WARN_OBJC_LITERAL_CONVERSION = YES;
				CLANG_WARN_OBJC_ROOT_CLASS = YES_ERROR;
				CLANG_WARN_QUOTED_INCLUDE_IN_FRAMEWORK_HEADER = YES;
				CLANG_WARN_RANGE_LOOP_ANALYSIS = YES;
				CLANG_WARN_STRICT_PROTOTYPES = YES;
				CLANG_WARN_SUSPICIOUS_MOVE = YES;
				CLANG_WARN_UNGUARDED_AVAILABILITY = YES_AGGRESSIVE;
				CLANG_WARN_UNREACHABLE_CODE = YES;
				CLANG_WARN__DUPLICATE_METHOD_MATCH = YES;
				COPY_PHASE_STRIP = NO;
				DEBUG_INFORMATION_FORMAT = "dwarf-with-dsym";
				ENABLE_NS_ASSERTIONS = NO;
				ENABLE_STRICT_OBJC_MSGSEND = YES;
				GCC_C_LANGUAGE_STANDARD = gnu11;
				GCC_NO_COMMON_BLOCKS = YES;
				GCC_WARN_64_TO_32_BIT_CONVERSION = YES;
				GCC_WARN_ABOUT_RETURN_TYPE = YES_ERROR;
				GCC_WARN_UNDECLARED_SELECTOR = YES;
				GCC_WARN_UNINITIALIZED_AUTOS = YES_AGGRESSIVE;
				GCC_WARN_UNUSED_FUNCTION = YES;
				GCC_WARN_UNUSED_VARIABLE = YES;
				IPHONEOS_DEPLOYMENT_TARGET = 14.5;
				MTL_ENABLE_DEBUG_INFO = NO;
				MTL_FAST_MATH = YES;
				SDKROOT = iphoneos;
				SWIFT_COMPILATION_MODE = wholemodule;
				SWIFT_OPTIMIZATION_LEVEL = "-O";
				VALIDATE_PRODUCT = YES;
			};
			name = Release;
		};
		ADBF3AEB26BFA4EA006C8065 /* Debug */ = {
			isa = XCBuildConfiguration;
			buildSettings = {
				ASSETCATALOG_COMPILER_APPICON_NAME = AppIcon;
				ASSETCATALOG_COMPILER_GLOBAL_ACCENT_COLOR_NAME = AccentColor;
				CODE_SIGN_STYLE = Automatic;
				DEVELOPMENT_ASSET_PATHS = "\"Dota2Hero/Preview Content\"";
				DEVELOPMENT_TEAM = LHAYGSB5VA;
				ENABLE_PREVIEWS = YES;
				INFOPLIST_FILE = Dota2Hero/Info.plist;
				IPHONEOS_DEPLOYMENT_TARGET = 14.0;
				LD_RUNPATH_SEARCH_PATHS = (
					"$(inherited)",
					"@executable_path/Frameworks",
				);
				PRODUCT_BUNDLE_IDENTIFIER = com.chr1s78.Dota2Hero;
				PRODUCT_NAME = "$(TARGET_NAME)";
				SWIFT_VERSION = 5.0;
				TARGETED_DEVICE_FAMILY = "1,2";
			};
			name = Debug;
		};
		ADBF3AEC26BFA4EA006C8065 /* Release */ = {
			isa = XCBuildConfiguration;
			buildSettings = {
				ASSETCATALOG_COMPILER_APPICON_NAME = AppIcon;
				ASSETCATALOG_COMPILER_GLOBAL_ACCENT_COLOR_NAME = AccentColor;
				CODE_SIGN_STYLE = Automatic;
				DEVELOPMENT_ASSET_PATHS = "\"Dota2Hero/Preview Content\"";
				DEVELOPMENT_TEAM = LHAYGSB5VA;
				ENABLE_PREVIEWS = YES;
				INFOPLIST_FILE = Dota2Hero/Info.plist;
				IPHONEOS_DEPLOYMENT_TARGET = 14.0;
				LD_RUNPATH_SEARCH_PATHS = (
					"$(inherited)",
					"@executable_path/Frameworks",
				);
				PRODUCT_BUNDLE_IDENTIFIER = com.chr1s78.Dota2Hero;
				PRODUCT_NAME = "$(TARGET_NAME)";
				SWIFT_VERSION = 5.0;
				TARGETED_DEVICE_FAMILY = "1,2";
			};
			name = Release;
		};
/* End XCBuildConfiguration section */

/* Begin XCConfigurationList section */
		ADBF3AD626BFA4E9006C8065 /* Build configuration list for PBXProject "Dota2Hero" */ = {
			isa = XCConfigurationList;
			buildConfigurations = (
				ADBF3AE826BFA4EA006C8065 /* Debug */,
				ADBF3AE926BFA4EA006C8065 /* Release */,
			);
			defaultConfigurationIsVisible = 0;
			defaultConfigurationName = Release;
		};
		ADBF3AEA26BFA4EA006C8065 /* Build configuration list for PBXNativeTarget "Dota2Hero" */ = {
			isa = XCConfigurationList;
			buildConfigurations = (
				ADBF3AEB26BFA4EA006C8065 /* Debug */,
				ADBF3AEC26BFA4EA006C8065 /* Release */,
			);
			defaultConfigurationIsVisible = 0;
			defaultConfigurationName = Release;
		};
/* End XCConfigurationList section */

/* Begin XCRemoteSwiftPackageReference section */
		AD2A12F626C0E76600098CE2 /* XCRemoteSwiftPackageReference "lottie-ios" */ = {
			isa = XCRemoteSwiftPackageReference;
			repositoryURL = "https://gitee.com/chr1s78/lottie-ios.git";
			requirement = {
				kind = upToNextMajorVersion;
				minimumVersion = 3.2.3;
			};
		};
		ADBF3AFC26BFA583006C8065 /* XCRemoteSwiftPackageReference "Alamofire" */ = {
			isa = XCRemoteSwiftPackageReference;
			repositoryURL = "https://gitee.com/chr1s78/Alamofire.git";
			requirement = {
				kind = upToNextMajorVersion;
				minimumVersion = 5.4.3;
			};
		};
		ADBF3AFF26BFA8C2006C8065 /* XCRemoteSwiftPackageReference "SDWebImageSwiftUI" */ = {
			isa = XCRemoteSwiftPackageReference;
			repositoryURL = "https://gitee.com/chr1s78/SDWebImageSwiftUI.git";
			requirement = {
				kind = upToNextMajorVersion;
				minimumVersion = 2.0.2;
			};
		};
		ADF660E726C193E800A9DB6A /* XCRemoteSwiftPackageReference "SwiftUICharts" */ = {
			isa = XCRemoteSwiftPackageReference;
			repositoryURL = "https://gitee.com/chr1s78/SwiftUICharts.git";
			requirement = {
				kind = upToNextMajorVersion;
				minimumVersion = 0.6.3;
			};
		};
/* End XCRemoteSwiftPackageReference section */

/* Begin XCSwiftPackageProductDependency section */
		AD2A12F726C0E76600098CE2 /* Lottie */ = {
			isa = XCSwiftPackageProductDependency;
			package = AD2A12F626C0E76600098CE2 /* XCRemoteSwiftPackageReference "lottie-ios" */;
			productName = Lottie;
		};
		ADBF3AFD26BFA583006C8065 /* Alamofire */ = {
			isa = XCSwiftPackageProductDependency;
			package = ADBF3AFC26BFA583006C8065 /* XCRemoteSwiftPackageReference "Alamofire" */;
			productName = Alamofire;
		};
		ADBF3B0026BFA8C2006C8065 /* SDWebImageSwiftUI */ = {
			isa = XCSwiftPackageProductDependency;
			package = ADBF3AFF26BFA8C2006C8065 /* XCRemoteSwiftPackageReference "SDWebImageSwiftUI" */;
			productName = SDWebImageSwiftUI;
		};
		ADF660E826C193E800A9DB6A /* SwiftUICharts */ = {
			isa = XCSwiftPackageProductDependency;
			package = ADF660E726C193E800A9DB6A /* XCRemoteSwiftPackageReference "SwiftUICharts" */;
			productName = SwiftUICharts;
		};
/* End XCSwiftPackageProductDependency section */
	};
	rootObject = ADBF3AD326BFA4E9006C8065 /* Project object */;
}
